{
  "lockfileVersion": 1,
  "workspaces": {
    "": {
      "name": "address-generator",
      "dependencies": {
        "dotenv": "16.4.7",
        "ethers": "6.13.5",
        "otplib": "12.0.1",
      },
      "devDependencies": {
        "@types/bun": "latest",
      },
      "peerDependencies": {
        "typescript": "^5",
      },
    },
  },
  "packages": {
    "@adraffy/ens-normalize": ["@adraffy/ens-normalize@1.10.1", "", {}, "sha512-96Z2IP3mYmF1Xg2cDm8f1gWGf/HUVedQ3FMifV4kG/PQ4yEP51xDtRAEfhVNt5f/uzpNkZHwWQuUcu6D6K+Ekw=="],

    "@noble/curves": ["@noble/curves@1.2.0", "", { "dependencies": { "@noble/hashes": "1.3.2" } }, "sha512-oYclrNgRaM9SsBUBVbb8M6DTV7ZHRTKugureoYEncY5c65HOmRzvSiTE3y5CYaPYJA/GVkrhXEoF0M3Ya9PMnw=="],

    "@noble/hashes": ["@noble/hashes@1.3.2", "", {}, "sha512-MVC8EAQp7MvEcm30KWENFjgR+Mkmf+D189XJTkFIlwohU5hcBbn1ZkKq7KVTi2Hme3PMGF390DaL52beVrIihQ=="],

    "@otplib/core": ["@otplib/core@12.0.1", "", {}, "sha512-4sGntwbA/AC+SbPhbsziRiD+jNDdIzsZ3JUyfZwjtKyc/wufl1pnSIaG4Uqx8ymPagujub0o92kgBnB89cuAMA=="],

    "@otplib/plugin-crypto": ["@otplib/plugin-crypto@12.0.1", "", { "dependencies": { "@otplib/core": "^12.0.1" } }, "sha512-qPuhN3QrT7ZZLcLCyKOSNhuijUi9G5guMRVrxq63r9YNOxxQjPm59gVxLM+7xGnHnM6cimY57tuKsjK7y9LM1g=="],

    "@otplib/plugin-thirty-two": ["@otplib/plugin-thirty-two@12.0.1", "", { "dependencies": { "@otplib/core": "^12.0.1", "thirty-two": "^1.0.2" } }, "sha512-MtT+uqRso909UkbrrYpJ6XFjj9D+x2Py7KjTO9JDPhL0bJUYVu5kFP4TFZW4NFAywrAtFRxOVY261u0qwb93gA=="],

    "@otplib/preset-default": ["@otplib/preset-default@12.0.1", "", { "dependencies": { "@otplib/core": "^12.0.1", "@otplib/plugin-crypto": "^12.0.1", "@otplib/plugin-thirty-two": "^12.0.1" } }, "sha512-xf1v9oOJRyXfluBhMdpOkr+bsE+Irt+0D5uHtvg6x1eosfmHCsCC6ej/m7FXiWqdo0+ZUI6xSKDhJwc8yfiOPQ=="],

    "@otplib/preset-v11": ["@otplib/preset-v11@12.0.1", "", { "dependencies": { "@otplib/core": "^12.0.1", "@otplib/plugin-crypto": "^12.0.1", "@otplib/plugin-thirty-two": "^12.0.1" } }, "sha512-9hSetMI7ECqbFiKICrNa4w70deTUfArtwXykPUvSHWOdzOlfa9ajglu7mNCntlvxycTiOAXkQGwjQCzzDEMRMg=="],

    "@types/bun": ["@types/bun@1.2.3", "", { "dependencies": { "bun-types": "1.2.3" } }, "sha512-054h79ipETRfjtsCW9qJK8Ipof67Pw9bodFWmkfkaUaRiIQ1dIV2VTlheshlBx3mpKr0KeK8VqnMMCtgN9rQtw=="],

    "@types/node": ["@types/node@22.7.5", "", { "dependencies": { "undici-types": "~6.19.2" } }, "sha512-jML7s2NAzMWc//QSJ1a3prpk78cOPchGvXJsC3C6R6PSMoooztvRVQEz89gmBTBY1SPMaqo5teB4uNHPdetShQ=="],

    "@types/ws": ["@types/ws@8.5.14", "", { "dependencies": { "@types/node": "*" } }, "sha512-bd/YFLW+URhBzMXurx7lWByOu+xzU9+kb3RboOteXYDfW+tr+JZa99OyNmPINEGB/ahzKrEuc8rcv4gnpJmxTw=="],

    "aes-js": ["aes-js@4.0.0-beta.5", "", {}, "sha512-G965FqalsNyrPqgEGON7nIx1e/OVENSgiEIzyC63haUMuvNnwIgIjMs52hlTCKhkBny7A2ORNlfY9Zu+jmGk1Q=="],

    "bun-types": ["bun-types@1.2.3", "", { "dependencies": { "@types/node": "*", "@types/ws": "~8.5.10" } }, "sha512-P7AeyTseLKAvgaZqQrvp3RqFM3yN9PlcLuSTe7SoJOfZkER73mLdT2vEQi8U64S1YvM/ldcNiQjn0Sn7H9lGgg=="],

    "dotenv": ["dotenv@16.4.7", "", {}, "sha512-47qPchRCykZC03FhkYAhrvwU4xDBFIj1QPqaarj6mdM/hgUzfPHcpkHJOn3mJAufFeeAxAzeGsr5X0M4k6fLZQ=="],

    "ethers": ["ethers@6.13.5", "", { "dependencies": { "@adraffy/ens-normalize": "1.10.1", "@noble/curves": "1.2.0", "@noble/hashes": "1.3.2", "@types/node": "22.7.5", "aes-js": "4.0.0-beta.5", "tslib": "2.7.0", "ws": "8.17.1" } }, "sha512-+knKNieu5EKRThQJWwqaJ10a6HE9sSehGeqWN65//wE7j47ZpFhKAnHB/JJFibwwg61I/koxaPsXbXpD/skNOQ=="],

    "otplib": ["otplib@12.0.1", "", { "dependencies": { "@otplib/core": "^12.0.1", "@otplib/preset-default": "^12.0.1", "@otplib/preset-v11": "^12.0.1" } }, "sha512-xDGvUOQjop7RDgxTQ+o4pOol0/3xSZzawTiPKRrHnQWAy0WjhNs/5HdIDJCrqC4MBynmjXgULc6YfioaxZeFgg=="],

    "thirty-two": ["thirty-two@1.0.2", "", {}, "sha512-OEI0IWCe+Dw46019YLl6V10Us5bi574EvlJEOcAkB29IzQ/mYD1A6RyNHLjZPiHCmuodxvgF6U+vZO1L15lxVA=="],

    "tslib": ["tslib@2.7.0", "", {}, "sha512-gLXCKdN1/j47AiHiOkJN69hJmcbGTHI0ImLmbYLHykhgeN0jVGola9yVjFgzCUklsZQMW55o+dW7IXv3RCXDzA=="],

    "typescript": ["typescript@5.7.3", "", { "bin": { "tsc": "bin/tsc", "tsserver": "bin/tsserver" } }, "sha512-84MVSjMEHP+FQRPy3pX9sTVV/INIex71s9TL2Gm5FG/WG1SqXeKyZ0k7/blY/4FdOzI12CBy1vGc4og/eus0fw=="],

    "undici-types": ["undici-types@6.19.8", "", {}, "sha512-ve2KP6f/JnbPBFyobGHuerC9g1FYGn/F8n1LWTwNxCEzd6IfqTwUQcNXgEtmmQ6DlRrC1hrSrBnCZPokRrDHjw=="],

    "ws": ["ws@8.17.1", "", { "peerDependencies": { "bufferutil": "^4.0.1", "utf-8-validate": ">=5.0.2" }, "optionalPeers": ["bufferutil", "utf-8-validate"] }, "sha512-6XQFvXTkbfUOZOKKILFG1PDK2NDQs4azKQl26T0YS5CxqWLgXajbPZ+h4gZekJyRqFU8pvnbAbbs/3TgRPy+GQ=="],

    "@types/ws/@types/node": ["@types/node@22.13.5", "", { "dependencies": { "undici-types": "~6.20.0" } }, "sha512-+lTU0PxZXn0Dr1NBtC7Y8cR21AJr87dLLU953CWA6pMxxv/UDc7jYAY90upcrie1nRcD6XNG5HOYEDtgW5TxAg=="],

    "bun-types/@types/node": ["@types/node@22.13.5", "", { "dependencies": { "undici-types": "~6.20.0" } }, "sha512-+lTU0PxZXn0Dr1NBtC7Y8cR21AJr87dLLU953CWA6pMxxv/UDc7jYAY90upcrie1nRcD6XNG5HOYEDtgW5TxAg=="],

    "@types/ws/@types/node/undici-types": ["undici-types@6.20.0", "", {}, "sha512-Ny6QZ2Nju20vw1SRHe3d9jVu6gJ+4e3+MMpqu7pqE5HT6WsTSlce++GQmK5UXS8mzV8DSYHrQH+Xrf2jVcuKNg=="],

    "bun-types/@types/node/undici-types": ["undici-types@6.20.0", "", {}, "sha512-Ny6QZ2Nju20vw1SRHe3d9jVu6gJ+4e3+MMpqu7pqE5HT6WsTSlce++GQmK5UXS8mzV8DSYHrQH+Xrf2jVcuKNg=="],
  }
}
